
Microsoft Visual Studio Solution File, Format Version 12.00
# Visual Studio Version 17
VisualStudioVersion = 17.6.33829.357
MinimumVisualStudioVersion = 10.0.40219.1
Project("{FAE04EC0-301F-11D3-BF4B-00C04F79EFBC}") = "Matrix_And_Tests", "Matrix_And_Tests\Matrix_And_Tests.csproj", "{F2AAAAA2-4990-4F08-88C2-DB7A3BC5DBF8}"
EndProject
Global
	GlobalSection(SolutionConfigurationPlatforms) = preSolution
		Debug|Any CPU = Debug|Any CPU
		Release|Any CPU = Release|Any CPU
	EndGlobalSection
	GlobalSection(ProjectConfigurationPlatforms) = postSolution
		{F2AAAAA2-4990-4F08-88C2-DB7A3BC5DBF8}.Debug|Any CPU.ActiveCfg = Debug|Any CPU
		{F2AAAAA2-4990-4F08-88C2-DB7A3BC5DBF8}.Debug|Any CPU.Build.0 = Debug|Any CPU
		{F2AAAAA2-4990-4F08-88C2-DB7A3BC5DBF8}.Release|Any CPU.ActiveCfg = Release|Any CPU
		{F2AAAAA2-4990-4F08-88C2-DB7A3BC5DBF8}.Release|Any CPU.Build.0 = Release|Any CPU
	EndGlobalSection
	GlobalSection(SolutionProperties) = preSolution
		HideSolutionNode = FALSE
	EndGlobalSection
	GlobalSection(ExtensibilityGlobals) = postSolution
		SolutionGuid = {5DC08723-6AC6-42A1-9887-99FA5ABEC20A}
	EndGlobalSection
EndGlobal
